
Microsoft Visual Studio Solution File, Format Version 12.00
# Visual Studio Version 16
VisualStudioVersion = 16.0.30907.101
MinimumVisualStudioVersion = 10.0.40219.1
Project("{FAE04EC0-301F-11D3-BF4B-00C04F79EFBC}") = "JYTGameStoreTest", "JYTGameStoreTest.csproj", "{3B6213FD-10D2-461F-8958-D375D05D05C2}"
EndProject
Global
	GlobalSection(SolutionConfigurationPlatforms) = preSolution
		Debug|Any CPU = Debug|Any CPU
		Release|Any CPU = Release|Any CPU
	EndGlobalSection
	GlobalSection(ProjectConfigurationPlatforms) = postSolution
		{3B6213FD-10D2-461F-8958-D375D05D05C2}.Debug|Any CPU.ActiveCfg = Debug|Any CPU
		{3B6213FD-10D2-461F-8958-D375D05D05C2}.Debug|Any CPU.Build.0 = Debug|Any CPU
		{3B6213FD-10D2-461F-8958-D375D05D05C2}.Release|Any CPU.ActiveCfg = Release|Any CPU
		{3B6213FD-10D2-461F-8958-D375D05D05C2}.Release|Any CPU.Build.0 = Release|Any CPU
	EndGlobalSection
	GlobalSection(SolutionProperties) = preSolution
		HideSolutionNode = FALSE
	EndGlobalSection
	GlobalSection(ExtensibilityGlobals) = postSolution
		SolutionGuid = {24CCC47B-BABD-443E-8012-3CEA7EAB8BEB}
	EndGlobalSection
EndGlobal
